RDKIT_VERSION=2026.09.1
SOURCE_VERSION=2026.09.1+ds1
SOURCE_SHA256=9f3b684229dbfdb6b3c713a700ae06cdfd703aac424cd063265d6d920179f83f
RDKIT_TAG=Release_2026_09_1
RDKIT_COMMIT=fece8caa860bdf6c9c82bdb9253f22a0cf87150c
RDKIT_SHA256=86711e340759a3a0678a2e62f54f26f7ff564c3a02de0460f60b1ce89ac1bfe9
RING_TAG=v1.1.3_rdkit
RING_SHA256=944b5816712a48bbf88aa25d4300ce11871ddf6e971218eac08f90ed2192f715
ENUMS_COMMIT=c35576bed0295689540b39873126129adfa0b4c8
ENUMS_SHA256=9b78dcef7f88d1345b6f25335bfbcba5f024b08990c7d6dc605b833f4128b8dd
UBUNTU_IMAGE=ubuntu:26.04@sha256:f144425ff09be612d6d9ad965196e9cdc23dae1f42110a8a11a3e9a8198759f7
UBUNTU_MIRROR=public.ecr.aws/docker/library/ubuntu@sha256:f144425ff09be612d6d9ad965196e9cdc23dae1f42110a8a11a3e9a8198759f7
